<?xml version="1.0" encoding="utf-8"?>
<Project ToolsVersion="4.0" xmlns="http://schemas.microsoft.com/developer/msbuild/2003">
  <ItemGroup>
    <Filter Include="Source Files">
      <UniqueIdentifier>{b1f523b2-86af-4394-931a-c1495811dd4c}</UniqueIdentifier>
      <Extensions>cpp;c;cxx;rc;def;r;odl;idl;hpj;bat</Extensions>
    </Filter>
    <Filter Include="Header Files">
      <UniqueIdentifier>{365004cd-2455-4a52-ba1c-051b3019e28c}</UniqueIdentifier>
      <Extensions>h;hpp;hxx;hm;inl</Extensions>
    </Filter>
    <Filter Include="Resource Files">
      <UniqueIdentifier>{86bce316-b9e2-4af9-aa7d-a8895a3ee342}</UniqueIdentifier>
      <Extensions>ico;cur;bmp;dlg;rc2;rct;bin;rgs;gif;jpg;jpeg;jpe</Extensions>
    </Filter>
  </ItemGroup>
  <ItemGroup>
    <ClCompile Include="AppWin.cpp">
      <Filter>Source Files</Filter>
    </ClCompile>
    <ClCompile Include="AppMain.cpp">
      <Filter>Source Files</Filter>
    </ClCompile>
    <ClCompile Include="main.cpp">
      <Filter>Source Files</Filter>
    </ClCompile>
    <ClCompile Include="ClzzWin.cpp">
      <Filter>Source Files</Filter>
    </ClCompile>
    <ClCompile Include="AppMain2.cpp">
      <Filter>Source Files</Filter>
    </ClCompile>
  </ItemGroup>
  <ItemGroup>
    <ClInclude Include="_StdAfx.h">
      <Filter>Header Files</Filter>
    </ClInclude>
    <ClInclude Include="AppWin.h">
      <Filter>Header Files</Filter>
    </ClInclude>
    <ClInclude Include="AppMain.h">
      <Filter>Header Files</Filter>
    </ClInclude>
    <ClInclude Include="ClzzWin.h">
      <Filter>Header Files</Filter>
    </ClInclude>
    <ClInclude Include="AppMain2.h">
      <Filter>Header Files</Filter>
    </ClInclude>
  </ItemGroup>
  <ItemGroup>
    <Image Include="rsc\image32.bmp">
      <Filter>Resource Files</Filter>
    </Image>
    <Image Include="rsc\image16.bmp">
      <Filter>Resource Files</Filter>
    </Image>
  </ItemGroup>
  <ItemGroup>
    <ResourceCompile Include="rsc\resource.rc">
      <Filter>Header Files</Filter>
    </ResourceCompile>
  </ItemGroup>
</Project>